
Microsoft Visual Studio Solution File, Format Version 12.00
# Visual Studio 15
VisualStudioVersion = 15.0.28307.136
MinimumVisualStudioVersion = 10.0.40219.1
Project("{FAE04EC0-301F-11D3-BF4B-00C04F79EFBC}") = "GoodSwapcard", "GoodSwapcard\GoodSwapcard.csproj", "{4D19B345-60B9-46DF-9936-919AB7D0D12A}"
EndProject
Global
	GlobalSection(SolutionConfigurationPlatforms) = preSolution
		Debug|Any CPU = Debug|Any CPU
		Release|Any CPU = Release|Any CPU
	EndGlobalSection
	GlobalSection(ProjectConfigurationPlatforms) = postSolution
		{4D19B345-60B9-46DF-9936-919AB7D0D12A}.Debug|Any CPU.ActiveCfg = Debug|Any CPU
		{4D19B345-60B9-46DF-9936-919AB7D0D12A}.Debug|Any CPU.Build.0 = Debug|Any CPU
		{4D19B345-60B9-46DF-9936-919AB7D0D12A}.Release|Any CPU.ActiveCfg = Release|Any CPU
		{4D19B345-60B9-46DF-9936-919AB7D0D12A}.Release|Any CPU.Build.0 = Release|Any CPU
	EndGlobalSection
	GlobalSection(SolutionProperties) = preSolution
		HideSolutionNode = FALSE
	EndGlobalSection
	GlobalSection(ExtensibilityGlobals) = postSolution
		SolutionGuid = {FDB8C24E-2E49-4460-9E90-8C26664B948E}
	EndGlobalSection
EndGlobal
