
Microsoft Visual Studio Solution File, Format Version 12.00
# Visual Studio 15
VisualStudioVersion = 15.0.28307.136
MinimumVisualStudioVersion = 10.0.40219.1
Project("{FAE04EC0-301F-11D3-BF4B-00C04F79EFBC}") = "DAL", "DAL\DAL.csproj", "{2703A198-FCFE-42C3-BB94-94B507E4127C}"
EndProject
Project("{FAE04EC0-301F-11D3-BF4B-00C04F79EFBC}") = "Repostory", "Repostory\Repostory.csproj", "{293404AD-60C1-4AC7-954F-1F0A2EEA350A}"
EndProject
Project("{FAE04EC0-301F-11D3-BF4B-00C04F79EFBC}") = "BusinessLayer", "BusinessLayer\BusinessLayer.csproj", "{A7F36655-7B95-4682-884B-8BB6B4FDC793}"
EndProject
Project("{FAE04EC0-301F-11D3-BF4B-00C04F79EFBC}") = "MVC", "MVC\MVC.csproj", "{88D6C553-1F33-4B1B-A7D5-7D50809E5191}"
EndProject
Project("{2150E333-8FDC-42A3-9474-1A3956D46DE8}") = "GoodSwapDB", "GoodSwapDB", "{1CD60A90-D978-4A49-8B63-0B31CFEB250C}"
	ProjectSection(SolutionItems) = preProject
		DBSQL.sql = DBSQL.sql
	EndProjectSection
EndProject
Project("{FAE04EC0-301F-11D3-BF4B-00C04F79EFBC}") = "ModelServer", "ModelServer\ModelServer.csproj", "{BA053D3E-E740-4627-BFF4-DC9DBB49F5A7}"
EndProject
Project("{FAE04EC0-301F-11D3-BF4B-00C04F79EFBC}") = "ModelClient", "ModelClient\ModelClient.csproj", "{61B2F8CB-1C09-4D68-8D97-E7919A3B0343}"
EndProject
Project("{FAE04EC0-301F-11D3-BF4B-00C04F79EFBC}") = "TestConsole", "TestConsole\TestConsole.csproj", "{D8670EEA-1082-48A3-A2C9-AB2965D776C4}"
EndProject
Global
	GlobalSection(SolutionConfigurationPlatforms) = preSolution
		Debug|Any CPU = Debug|Any CPU
		Release|Any CPU = Release|Any CPU
	EndGlobalSection
	GlobalSection(ProjectConfigurationPlatforms) = postSolution
		{2703A198-FCFE-42C3-BB94-94B507E4127C}.Debug|Any CPU.ActiveCfg = Debug|Any CPU
		{2703A198-FCFE-42C3-BB94-94B507E4127C}.Debug|Any CPU.Build.0 = Debug|Any CPU
		{2703A198-FCFE-42C3-BB94-94B507E4127C}.Release|Any CPU.ActiveCfg = Release|Any CPU
		{2703A198-FCFE-42C3-BB94-94B507E4127C}.Release|Any CPU.Build.0 = Release|Any CPU
		{293404AD-60C1-4AC7-954F-1F0A2EEA350A}.Debug|Any CPU.ActiveCfg = Debug|Any CPU
		{293404AD-60C1-4AC7-954F-1F0A2EEA350A}.Debug|Any CPU.Build.0 = Debug|Any CPU
		{293404AD-60C1-4AC7-954F-1F0A2EEA350A}.Release|Any CPU.ActiveCfg = Release|Any CPU
		{293404AD-60C1-4AC7-954F-1F0A2EEA350A}.Release|Any CPU.Build.0 = Release|Any CPU
		{A7F36655-7B95-4682-884B-8BB6B4FDC793}.Debug|Any CPU.ActiveCfg = Debug|Any CPU
		{A7F36655-7B95-4682-884B-8BB6B4FDC793}.Debug|Any CPU.Build.0 = Debug|Any CPU
		{A7F36655-7B95-4682-884B-8BB6B4FDC793}.Release|Any CPU.ActiveCfg = Release|Any CPU
		{A7F36655-7B95-4682-884B-8BB6B4FDC793}.Release|Any CPU.Build.0 = Release|Any CPU
		{88D6C553-1F33-4B1B-A7D5-7D50809E5191}.Debug|Any CPU.ActiveCfg = Debug|Any CPU
		{88D6C553-1F33-4B1B-A7D5-7D50809E5191}.Debug|Any CPU.Build.0 = Debug|Any CPU
		{88D6C553-1F33-4B1B-A7D5-7D50809E5191}.Release|Any CPU.ActiveCfg = Release|Any CPU
		{88D6C553-1F33-4B1B-A7D5-7D50809E5191}.Release|Any CPU.Build.0 = Release|Any CPU
		{BA053D3E-E740-4627-BFF4-DC9DBB49F5A7}.Debug|Any CPU.ActiveCfg = Debug|Any CPU
		{BA053D3E-E740-4627-BFF4-DC9DBB49F5A7}.Debug|Any CPU.Build.0 = Debug|Any CPU
		{BA053D3E-E740-4627-BFF4-DC9DBB49F5A7}.Release|Any CPU.ActiveCfg = Release|Any CPU
		{BA053D3E-E740-4627-BFF4-DC9DBB49F5A7}.Release|Any CPU.Build.0 = Release|Any CPU
		{61B2F8CB-1C09-4D68-8D97-E7919A3B0343}.Debug|Any CPU.ActiveCfg = Debug|Any CPU
		{61B2F8CB-1C09-4D68-8D97-E7919A3B0343}.Debug|Any CPU.Build.0 = Debug|Any CPU
		{61B2F8CB-1C09-4D68-8D97-E7919A3B0343}.Release|Any CPU.ActiveCfg = Release|Any CPU
		{61B2F8CB-1C09-4D68-8D97-E7919A3B0343}.Release|Any CPU.Build.0 = Release|Any CPU
		{D8670EEA-1082-48A3-A2C9-AB2965D776C4}.Debug|Any CPU.ActiveCfg = Debug|Any CPU
		{D8670EEA-1082-48A3-A2C9-AB2965D776C4}.Debug|Any CPU.Build.0 = Debug|Any CPU
		{D8670EEA-1082-48A3-A2C9-AB2965D776C4}.Release|Any CPU.ActiveCfg = Release|Any CPU
		{D8670EEA-1082-48A3-A2C9-AB2965D776C4}.Release|Any CPU.Build.0 = Release|Any CPU
	EndGlobalSection
	GlobalSection(SolutionProperties) = preSolution
		HideSolutionNode = FALSE
	EndGlobalSection
	GlobalSection(ExtensibilityGlobals) = postSolution
		SolutionGuid = {FDB8C24E-2E49-4460-9E90-8C26664B948E}
	EndGlobalSection
EndGlobal
